
Microsoft Visual Studio Solution File, Format Version 12.00
# Visual Studio 15
VisualStudioVersion = 15.0.28307.960
MinimumVisualStudioVersion = 10.0.40219.1
Project("{FAE04EC0-301F-11D3-BF4B-00C04F79EFBC}") = "MathClassLibray", "MathClassLibray\MathClassLibray.csproj", "{95696059-70A2-47C4-AD60-F80D09B59D98}"
EndProject
Global
	GlobalSection(SolutionConfigurationPlatforms) = preSolution
		Debug|Any CPU = Debug|Any CPU
		Release|Any CPU = Release|Any CPU
	EndGlobalSection
	GlobalSection(ProjectConfigurationPlatforms) = postSolution
		{95696059-70A2-47C4-AD60-F80D09B59D98}.Debug|Any CPU.ActiveCfg = Debug|Any CPU
		{95696059-70A2-47C4-AD60-F80D09B59D98}.Debug|Any CPU.Build.0 = Debug|Any CPU
		{95696059-70A2-47C4-AD60-F80D09B59D98}.Release|Any CPU.ActiveCfg = Release|Any CPU
		{95696059-70A2-47C4-AD60-F80D09B59D98}.Release|Any CPU.Build.0 = Release|Any CPU
	EndGlobalSection
	GlobalSection(SolutionProperties) = preSolution
		HideSolutionNode = FALSE
	EndGlobalSection
	GlobalSection(ExtensibilityGlobals) = postSolution
		SolutionGuid = {3FF7B4E6-A4EA-4F86-8E81-500E48594DF7}
	EndGlobalSection
EndGlobal
